
Microsoft Visual Studio Solution File, Format Version 12.00
# Visual Studio Version 17
VisualStudioVersion = 17.10.34916.146
MinimumVisualStudioVersion = 10.0.40219.1
Project("{FAE04EC0-301F-11D3-BF4B-00C04F79EFBC}") = "Largo_EvaluacionP3", "Largo_EvaluacionP3\Largo_EvaluacionP3.csproj", "{60B2588A-4FDA-4135-BD43-A21C521E92CC}"
EndProject
Global
	GlobalSection(SolutionConfigurationPlatforms) = preSolution
		Debug|Any CPU = Debug|Any CPU
		Release|Any CPU = Release|Any CPU
	EndGlobalSection
	GlobalSection(ProjectConfigurationPlatforms) = postSolution
		{60B2588A-4FDA-4135-BD43-A21C521E92CC}.Debug|Any CPU.ActiveCfg = Debug|Any CPU
		{60B2588A-4FDA-4135-BD43-A21C521E92CC}.Debug|Any CPU.Build.0 = Debug|Any CPU
		{60B2588A-4FDA-4135-BD43-A21C521E92CC}.Debug|Any CPU.Deploy.0 = Debug|Any CPU
		{60B2588A-4FDA-4135-BD43-A21C521E92CC}.Release|Any CPU.ActiveCfg = Release|Any CPU
		{60B2588A-4FDA-4135-BD43-A21C521E92CC}.Release|Any CPU.Build.0 = Release|Any CPU
		{60B2588A-4FDA-4135-BD43-A21C521E92CC}.Release|Any CPU.Deploy.0 = Release|Any CPU
	EndGlobalSection
	GlobalSection(SolutionProperties) = preSolution
		HideSolutionNode = FALSE
	EndGlobalSection
	GlobalSection(ExtensibilityGlobals) = postSolution
		SolutionGuid = {D86D6C88-B7DC-41C0-9D7B-DF83C9F7E57E}
	EndGlobalSection
EndGlobal
